
Microsoft Visual Studio Solution File, Format Version 12.00
# Visual Studio Version 17
VisualStudioVersion = 17.3.32811.315
MinimumVisualStudioVersion = 10.0.40219.1
Project("{FAE04EC0-301F-11D3-BF4B-00C04F79EFBC}") = "Prva_vaja", "Prva_vaja\Prva_vaja.csproj", "{EF04906B-D93E-409E-8511-201EE105FAA6}"
EndProject
Global
	GlobalSection(SolutionConfigurationPlatforms) = preSolution
		Debug|Any CPU = Debug|Any CPU
		Release|Any CPU = Release|Any CPU
	EndGlobalSection
	GlobalSection(ProjectConfigurationPlatforms) = postSolution
		{EF04906B-D93E-409E-8511-201EE105FAA6}.Debug|Any CPU.ActiveCfg = Debug|Any CPU
		{EF04906B-D93E-409E-8511-201EE105FAA6}.Debug|Any CPU.Build.0 = Debug|Any CPU
		{EF04906B-D93E-409E-8511-201EE105FAA6}.Release|Any CPU.ActiveCfg = Release|Any CPU
		{EF04906B-D93E-409E-8511-201EE105FAA6}.Release|Any CPU.Build.0 = Release|Any CPU
	EndGlobalSection
	GlobalSection(SolutionProperties) = preSolution
		HideSolutionNode = FALSE
	EndGlobalSection
	GlobalSection(ExtensibilityGlobals) = postSolution
		SolutionGuid = {81401AEE-1021-410A-8D7D-0CDDA970A09D}
	EndGlobalSection
EndGlobal
