
Microsoft Visual Studio Solution File, Format Version 12.00
# Visual Studio Version 17
VisualStudioVersion = 17.3.32811.315
MinimumVisualStudioVersion = 10.0.40219.1
Project("{FAE04EC0-301F-11D3-BF4B-00C04F79EFBC}") = "MVC_primer1", "MVC_primer1\MVC_primer1.csproj", "{076586A9-2917-4CA9-B251-E79CA3CC5833}"
EndProject
Global
	GlobalSection(SolutionConfigurationPlatforms) = preSolution
		Debug|Any CPU = Debug|Any CPU
		Release|Any CPU = Release|Any CPU
	EndGlobalSection
	GlobalSection(ProjectConfigurationPlatforms) = postSolution
		{076586A9-2917-4CA9-B251-E79CA3CC5833}.Debug|Any CPU.ActiveCfg = Debug|Any CPU
		{076586A9-2917-4CA9-B251-E79CA3CC5833}.Debug|Any CPU.Build.0 = Debug|Any CPU
		{076586A9-2917-4CA9-B251-E79CA3CC5833}.Release|Any CPU.ActiveCfg = Release|Any CPU
		{076586A9-2917-4CA9-B251-E79CA3CC5833}.Release|Any CPU.Build.0 = Release|Any CPU
	EndGlobalSection
	GlobalSection(SolutionProperties) = preSolution
		HideSolutionNode = FALSE
	EndGlobalSection
	GlobalSection(ExtensibilityGlobals) = postSolution
		SolutionGuid = {F9936FC8-01AE-44CB-B480-F3D797BAA163}
	EndGlobalSection
EndGlobal
