
Microsoft Visual Studio Solution File, Format Version 12.00
# Visual Studio Version 17
VisualStudioVersion = 17.3.32922.545
MinimumVisualStudioVersion = 10.0.40219.1
Project("{FAE04EC0-301F-11D3-BF4B-00C04F79EFBC}") = "PlanetScale_DB", "PlanetScale_DB\PlanetScale_DB.csproj", "{9B9F12B9-B416-433A-AAA9-A996303D9A84}"
EndProject
Global
	GlobalSection(SolutionConfigurationPlatforms) = preSolution
		Debug|Any CPU = Debug|Any CPU
		Release|Any CPU = Release|Any CPU
	EndGlobalSection
	GlobalSection(ProjectConfigurationPlatforms) = postSolution
		{9B9F12B9-B416-433A-AAA9-A996303D9A84}.Debug|Any CPU.ActiveCfg = Debug|Any CPU
		{9B9F12B9-B416-433A-AAA9-A996303D9A84}.Debug|Any CPU.Build.0 = Debug|Any CPU
		{9B9F12B9-B416-433A-AAA9-A996303D9A84}.Release|Any CPU.ActiveCfg = Release|Any CPU
		{9B9F12B9-B416-433A-AAA9-A996303D9A84}.Release|Any CPU.Build.0 = Release|Any CPU
	EndGlobalSection
	GlobalSection(SolutionProperties) = preSolution
		HideSolutionNode = FALSE
	EndGlobalSection
	GlobalSection(ExtensibilityGlobals) = postSolution
		SolutionGuid = {6B3F147B-7766-44C5-BE18-DFDB1075C9D0}
	EndGlobalSection
EndGlobal
