
Microsoft Visual Studio Solution File, Format Version 12.00
# Visual Studio Version 17
VisualStudioVersion = 17.3.32811.315
MinimumVisualStudioVersion = 10.0.40219.1
Project("{FAE04EC0-301F-11D3-BF4B-00C04F79EFBC}") = "Delegati", "Delegati\Delegati.csproj", "{30B81B28-639C-4F0F-971D-909513CB0DCF}"
EndProject
Global
	GlobalSection(SolutionConfigurationPlatforms) = preSolution
		Debug|Any CPU = Debug|Any CPU
		Release|Any CPU = Release|Any CPU
	EndGlobalSection
	GlobalSection(ProjectConfigurationPlatforms) = postSolution
		{30B81B28-639C-4F0F-971D-909513CB0DCF}.Debug|Any CPU.ActiveCfg = Debug|Any CPU
		{30B81B28-639C-4F0F-971D-909513CB0DCF}.Debug|Any CPU.Build.0 = Debug|Any CPU
		{30B81B28-639C-4F0F-971D-909513CB0DCF}.Release|Any CPU.ActiveCfg = Release|Any CPU
		{30B81B28-639C-4F0F-971D-909513CB0DCF}.Release|Any CPU.Build.0 = Release|Any CPU
	EndGlobalSection
	GlobalSection(SolutionProperties) = preSolution
		HideSolutionNode = FALSE
	EndGlobalSection
	GlobalSection(ExtensibilityGlobals) = postSolution
		SolutionGuid = {D2F6F974-73B0-4BA3-AF47-03D66417791A}
	EndGlobalSection
EndGlobal
